
Microsoft Visual Studio Solution File, Format Version 12.00
# Visual Studio Version 16
VisualStudioVersion = 16.0.31424.327
MinimumVisualStudioVersion = 10.0.40219.1
Project("{9A19103F-16F7-4668-BE54-9A1E7A4F7556}") = "Hahn.ApplicatonProcess.July2021.Web", "Hahn.ApplicatonProcess.July2021.Web\Hahn.ApplicatonProcess.July2021.Web.csproj", "{3288B6FC-1521-465D-9494-511EFCC6724F}"
EndProject
Project("{9A19103F-16F7-4668-BE54-9A1E7A4F7556}") = "Hahn.ApplicatonProcess.July2021.Data", "Hahn.ApplicatonProcess.July2021.Data\Hahn.ApplicatonProcess.July2021.Data.csproj", "{EDCC92D2-74DB-4BE6-8E36-13914927A6CB}"
EndProject
Project("{9A19103F-16F7-4668-BE54-9A1E7A4F7556}") = "Hahn.ApplicatonProcess.July2021.Domain", "Hahn.ApplicatonProcess.July2021.Domain\Hahn.ApplicatonProcess.July2021.Domain.csproj", "{15753CF5-E277-410B-8DC8-0CF7BC077955}"
EndProject
Project("{FAE04EC0-301F-11D3-BF4B-00C04F79EFBC}") = "Hahn.ApplicatonProcess.July2021.Service", "Hahn.ApplicatonProcess.July2021.Service\Hahn.ApplicatonProcess.July2021.Service.csproj", "{4BF23190-572A-4347-9628-DB7A840D9D3E}"
EndProject
Global
	GlobalSection(SolutionConfigurationPlatforms) = preSolution
		Debug|Any CPU = Debug|Any CPU
		Release|Any CPU = Release|Any CPU
	EndGlobalSection
	GlobalSection(ProjectConfigurationPlatforms) = postSolution
		{3288B6FC-1521-465D-9494-511EFCC6724F}.Debug|Any CPU.ActiveCfg = Debug|Any CPU
		{3288B6FC-1521-465D-9494-511EFCC6724F}.Debug|Any CPU.Build.0 = Debug|Any CPU
		{3288B6FC-1521-465D-9494-511EFCC6724F}.Release|Any CPU.ActiveCfg = Release|Any CPU
		{3288B6FC-1521-465D-9494-511EFCC6724F}.Release|Any CPU.Build.0 = Release|Any CPU
		{EDCC92D2-74DB-4BE6-8E36-13914927A6CB}.Debug|Any CPU.ActiveCfg = Debug|Any CPU
		{EDCC92D2-74DB-4BE6-8E36-13914927A6CB}.Debug|Any CPU.Build.0 = Debug|Any CPU
		{EDCC92D2-74DB-4BE6-8E36-13914927A6CB}.Release|Any CPU.ActiveCfg = Release|Any CPU
		{EDCC92D2-74DB-4BE6-8E36-13914927A6CB}.Release|Any CPU.Build.0 = Release|Any CPU
		{15753CF5-E277-410B-8DC8-0CF7BC077955}.Debug|Any CPU.ActiveCfg = Debug|Any CPU
		{15753CF5-E277-410B-8DC8-0CF7BC077955}.Debug|Any CPU.Build.0 = Debug|Any CPU
		{15753CF5-E277-410B-8DC8-0CF7BC077955}.Release|Any CPU.ActiveCfg = Release|Any CPU
		{15753CF5-E277-410B-8DC8-0CF7BC077955}.Release|Any CPU.Build.0 = Release|Any CPU
		{4BF23190-572A-4347-9628-DB7A840D9D3E}.Debug|Any CPU.ActiveCfg = Debug|Any CPU
		{4BF23190-572A-4347-9628-DB7A840D9D3E}.Debug|Any CPU.Build.0 = Debug|Any CPU
		{4BF23190-572A-4347-9628-DB7A840D9D3E}.Release|Any CPU.ActiveCfg = Release|Any CPU
		{4BF23190-572A-4347-9628-DB7A840D9D3E}.Release|Any CPU.Build.0 = Release|Any CPU
	EndGlobalSection
	GlobalSection(SolutionProperties) = preSolution
		HideSolutionNode = FALSE
	EndGlobalSection
	GlobalSection(ExtensibilityGlobals) = postSolution
		SolutionGuid = {9E794A15-21BE-4AD3-A9C0-7AD1BA29334F}
	EndGlobalSection
EndGlobal
